
Microsoft Visual Studio Solution File, Format Version 12.00
# Visual Studio Version 17
VisualStudioVersion = 17.10.35004.147
MinimumVisualStudioVersion = 10.0.40219.1
Project("{2150E333-8FDC-42A3-9474-1A3956D46DE8}") = "Src", "Src", "{6E9CBA02-B2F0-4AEB-9A03-7995E00C1B8B}"
EndProject
Project("{2150E333-8FDC-42A3-9474-1A3956D46DE8}") = "Test", "Test", "{0D7F37E9-2F21-42D5-8EA5-3203D7A1471C}"
EndProject
Project("{2150E333-8FDC-42A3-9474-1A3956D46DE8}") = "Apis", "Apis", "{6E706F40-B09C-4487-A0AD-47960D13877B}"
EndProject
Project("{2150E333-8FDC-42A3-9474-1A3956D46DE8}") = "Core", "Core", "{54E9F979-0EAC-47BD-A35F-14AAF28D5294}"
EndProject
Project("{2150E333-8FDC-42A3-9474-1A3956D46DE8}") = "Infrastructure", "Infrastructure", "{C92FAC12-873D-4470-A5C4-AADBFB20C6B9}"
EndProject
Project("{2150E333-8FDC-42A3-9474-1A3956D46DE8}") = "UI", "UI", "{C3015A5D-0577-4BF9-AFDD-645536226F76}"
EndProject
Project("{2150E333-8FDC-42A3-9474-1A3956D46DE8}") = "Client", "Client", "{539F6478-5A6F-41F0-AC95-9D48F2241138}"
EndProject
Project("{2150E333-8FDC-42A3-9474-1A3956D46DE8}") = "Dashboard", "Dashboard", "{FDC69A47-1730-40EC-A802-D8B4A0138658}"
EndProject
Project("{FAE04EC0-301F-11D3-BF4B-00C04F79EFBC}") = "LinkDev.Talabat.Apis", "LinkDev.Talabat.Apis\LinkDev.Talabat.Apis.csproj", "{F271BB8F-72BB-4C2A-98EA-3C0A0B5618CB}"
EndProject
Global
	GlobalSection(SolutionConfigurationPlatforms) = preSolution
		Debug|Any CPU = Debug|Any CPU
		Release|Any CPU = Release|Any CPU
	EndGlobalSection
	GlobalSection(ProjectConfigurationPlatforms) = postSolution
		{F271BB8F-72BB-4C2A-98EA-3C0A0B5618CB}.Debug|Any CPU.ActiveCfg = Debug|Any CPU
		{F271BB8F-72BB-4C2A-98EA-3C0A0B5618CB}.Debug|Any CPU.Build.0 = Debug|Any CPU
		{F271BB8F-72BB-4C2A-98EA-3C0A0B5618CB}.Release|Any CPU.ActiveCfg = Release|Any CPU
		{F271BB8F-72BB-4C2A-98EA-3C0A0B5618CB}.Release|Any CPU.Build.0 = Release|Any CPU
	EndGlobalSection
	GlobalSection(SolutionProperties) = preSolution
		HideSolutionNode = FALSE
	EndGlobalSection
	GlobalSection(NestedProjects) = preSolution
		{6E706F40-B09C-4487-A0AD-47960D13877B} = {6E9CBA02-B2F0-4AEB-9A03-7995E00C1B8B}
		{54E9F979-0EAC-47BD-A35F-14AAF28D5294} = {6E9CBA02-B2F0-4AEB-9A03-7995E00C1B8B}
		{C92FAC12-873D-4470-A5C4-AADBFB20C6B9} = {6E9CBA02-B2F0-4AEB-9A03-7995E00C1B8B}
		{C3015A5D-0577-4BF9-AFDD-645536226F76} = {6E9CBA02-B2F0-4AEB-9A03-7995E00C1B8B}
		{539F6478-5A6F-41F0-AC95-9D48F2241138} = {C3015A5D-0577-4BF9-AFDD-645536226F76}
		{FDC69A47-1730-40EC-A802-D8B4A0138658} = {C3015A5D-0577-4BF9-AFDD-645536226F76}
		{F271BB8F-72BB-4C2A-98EA-3C0A0B5618CB} = {6E706F40-B09C-4487-A0AD-47960D13877B}
	EndGlobalSection
	GlobalSection(ExtensibilityGlobals) = postSolution
		SolutionGuid = {600580F1-DB77-460B-9806-CC79E80E85C8}
	EndGlobalSection
EndGlobal
